
Microsoft Visual Studio Solution File, Format Version 12.00
# Visual Studio Version 17
VisualStudioVersion = 17.0.32112.339
MinimumVisualStudioVersion = 10.0.40219.1
Project("{9A19103F-16F7-4668-BE54-9A1E7A4F7556}") = "AndroidADBAppManager", "AndroidADBAppManager\AndroidADBAppManager\AndroidADBAppManager.csproj", "{3273C940-F13B-4DEE-ABF6-D92E2D604483}"
EndProject
Project("{2150E333-8FDC-42A3-9474-1A3956D46DE8}") = "Solution Items", "Solution Items", "{9A8405ED-4DB2-4C31-8AD7-6B9D843ED75D}"
EndProject
Global
	GlobalSection(SolutionConfigurationPlatforms) = preSolution
		Debug|Any CPU = Debug|Any CPU
		Release|Any CPU = Release|Any CPU
	EndGlobalSection
	GlobalSection(ProjectConfigurationPlatforms) = postSolution
		{3273C940-F13B-4DEE-ABF6-D92E2D604483}.Debug|Any CPU.ActiveCfg = Debug|Any CPU
		{3273C940-F13B-4DEE-ABF6-D92E2D604483}.Debug|Any CPU.Build.0 = Debug|Any CPU
		{3273C940-F13B-4DEE-ABF6-D92E2D604483}.Release|Any CPU.ActiveCfg = Release|Any CPU
		{3273C940-F13B-4DEE-ABF6-D92E2D604483}.Release|Any CPU.Build.0 = Release|Any CPU
	EndGlobalSection
	GlobalSection(SolutionProperties) = preSolution
		HideSolutionNode = FALSE
	EndGlobalSection
	GlobalSection(ExtensibilityGlobals) = postSolution
		SolutionGuid = {C8D85885-524B-4E5A-B51C-C94A59D8E282}
	EndGlobalSection
EndGlobal
