
Microsoft Visual Studio Solution File, Format Version 12.00
# Visual Studio Version 17
VisualStudioVersion = 17.0.32112.339
MinimumVisualStudioVersion = 10.0.40219.1
Project("{FAE04EC0-301F-11D3-BF4B-00C04F79EFBC}") = "PhoneADBAppManager", "PhoneADBAppManager\PhoneADBAppManager\PhoneADBAppManager.csproj", "{3273C940-F13B-4DEE-ABF6-D92E2D604483}"
EndProject
Global
	GlobalSection(SolutionConfigurationPlatforms) = preSolution
		Debug|Any CPU = Debug|Any CPU
		Release|Any CPU = Release|Any CPU
	EndGlobalSection
	GlobalSection(ProjectConfigurationPlatforms) = postSolution
		{3273C940-F13B-4DEE-ABF6-D92E2D604483}.Debug|Any CPU.ActiveCfg = Debug|Any CPU
		{3273C940-F13B-4DEE-ABF6-D92E2D604483}.Debug|Any CPU.Build.0 = Debug|Any CPU
		{3273C940-F13B-4DEE-ABF6-D92E2D604483}.Release|Any CPU.ActiveCfg = Release|Any CPU
		{3273C940-F13B-4DEE-ABF6-D92E2D604483}.Release|Any CPU.Build.0 = Release|Any CPU
	EndGlobalSection
	GlobalSection(SolutionProperties) = preSolution
		HideSolutionNode = FALSE
	EndGlobalSection
	GlobalSection(ExtensibilityGlobals) = postSolution
		SolutionGuid = {C8D85885-524B-4E5A-B51C-C94A59D8E282}
	EndGlobalSection
EndGlobal
